
Microsoft Visual Studio Solution File, Format Version 11.00
# Visual C++ Express 2010
Project("{8BC9CEB8-8B4A-11D0-8D11-00A0C91BC942}") = "project_44", "project_44\project_44.vcxproj", "{C7B7BA4D-89CF-4D8B-B274-982DCBB292FB}"
EndProject
Global
	GlobalSection(SolutionConfigurationPlatforms) = preSolution
		Debug|Win32 = Debug|Win32
		Release|Win32 = Release|Win32
	EndGlobalSection
	GlobalSection(ProjectConfigurationPlatforms) = postSolution
		{C7B7BA4D-89CF-4D8B-B274-982DCBB292FB}.Debug|Win32.ActiveCfg = Debug|Win32
		{C7B7BA4D-89CF-4D8B-B274-982DCBB292FB}.Debug|Win32.Build.0 = Debug|Win32
		{C7B7BA4D-89CF-4D8B-B274-982DCBB292FB}.Release|Win32.ActiveCfg = Release|Win32
		{C7B7BA4D-89CF-4D8B-B274-982DCBB292FB}.Release|Win32.Build.0 = Release|Win32
	EndGlobalSection
	GlobalSection(SolutionProperties) = preSolution
		HideSolutionNode = FALSE
	EndGlobalSection
EndGlobal
